
Microsoft Visual Studio Solution File, Format Version 12.00
# Visual Studio Version 17
VisualStudioVersion = 17.5.002.0
MinimumVisualStudioVersion = 10.0.40219.1
Project("{2150E333-8FDC-42A3-9474-1A3956D46DE8}") = "server", "server", "{AB6482E9-2B90-4AAF-8FAF-297FF0E6D84A}"
EndProject
Project("{9A19103F-16F7-4668-BE54-9A1E7A4F7556}") = "MyProxy", "server\yarp\MyProxy.csproj", "{E2648EC6-FBA9-477C-B17E-FE45B0A1E6EE}"
EndProject
Global
	GlobalSection(SolutionConfigurationPlatforms) = preSolution
		Debug|Any CPU = Debug|Any CPU
		Release|Any CPU = Release|Any CPU
	EndGlobalSection
	GlobalSection(ProjectConfigurationPlatforms) = postSolution
		{E2648EC6-FBA9-477C-B17E-FE45B0A1E6EE}.Debug|Any CPU.ActiveCfg = Debug|Any CPU
		{E2648EC6-FBA9-477C-B17E-FE45B0A1E6EE}.Debug|Any CPU.Build.0 = Debug|Any CPU
		{E2648EC6-FBA9-477C-B17E-FE45B0A1E6EE}.Release|Any CPU.ActiveCfg = Release|Any CPU
		{E2648EC6-FBA9-477C-B17E-FE45B0A1E6EE}.Release|Any CPU.Build.0 = Release|Any CPU
	EndGlobalSection
	GlobalSection(SolutionProperties) = preSolution
		HideSolutionNode = FALSE
	EndGlobalSection
	GlobalSection(NestedProjects) = preSolution
		{E2648EC6-FBA9-477C-B17E-FE45B0A1E6EE} = {AB6482E9-2B90-4AAF-8FAF-297FF0E6D84A}
	EndGlobalSection
	GlobalSection(ExtensibilityGlobals) = postSolution
		SolutionGuid = {964C6A90-0B2C-437F-B568-8A88753064BC}
	EndGlobalSection
EndGlobal
